
Microsoft Visual Studio Solution File, Format Version 12.00
# Visual Studio Version 16
VisualStudioVersion = 16.0.32802.440
MinimumVisualStudioVersion = 10.0.40219.1
Project("{FAE04EC0-301F-11D3-BF4B-00C04F79EFBC}") = "DiceApplicationAutos", "DiceApplicationAutos.csproj", "{43EDF43A-E6FD-405A-A12E-77951F877A6F}"
EndProject
Global
	GlobalSection(SolutionConfigurationPlatforms) = preSolution
		Debug|Any CPU = Debug|Any CPU
		Release|Any CPU = Release|Any CPU
	EndGlobalSection
	GlobalSection(ProjectConfigurationPlatforms) = postSolution
		{43EDF43A-E6FD-405A-A12E-77951F877A6F}.Debug|Any CPU.ActiveCfg = Debug|Any CPU
		{43EDF43A-E6FD-405A-A12E-77951F877A6F}.Debug|Any CPU.Build.0 = Debug|Any CPU
		{43EDF43A-E6FD-405A-A12E-77951F877A6F}.Release|Any CPU.ActiveCfg = Release|Any CPU
		{43EDF43A-E6FD-405A-A12E-77951F877A6F}.Release|Any CPU.Build.0 = Release|Any CPU
	EndGlobalSection
	GlobalSection(SolutionProperties) = preSolution
		HideSolutionNode = FALSE
	EndGlobalSection
	GlobalSection(ExtensibilityGlobals) = postSolution
		SolutionGuid = {12088202-DB74-4AA6-BF70-ECEA738202D3}
	EndGlobalSection
EndGlobal
